
Microsoft Visual Studio Solution File, Format Version 12.00
# Visual Studio Version 16
VisualStudioVersion = 16.0.30711.63
MinimumVisualStudioVersion = 10.0.40219.1
Project("{FAE04EC0-301F-11D3-BF4B-00C04F79EFBC}") = "ThreadBasicKnowledgeConsole", "ThreadBasicKnowledgeConsole\ThreadBasicKnowledgeConsole.csproj", "{7B893E1B-C59C-4903-BE49-9554BDB01F83}"
EndProject
Global
	GlobalSection(SolutionConfigurationPlatforms) = preSolution
		Debug|Any CPU = Debug|Any CPU
		Release|Any CPU = Release|Any CPU
	EndGlobalSection
	GlobalSection(ProjectConfigurationPlatforms) = postSolution
		{7B893E1B-C59C-4903-BE49-9554BDB01F83}.Debug|Any CPU.ActiveCfg = Debug|Any CPU
		{7B893E1B-C59C-4903-BE49-9554BDB01F83}.Debug|Any CPU.Build.0 = Debug|Any CPU
		{7B893E1B-C59C-4903-BE49-9554BDB01F83}.Release|Any CPU.ActiveCfg = Release|Any CPU
		{7B893E1B-C59C-4903-BE49-9554BDB01F83}.Release|Any CPU.Build.0 = Release|Any CPU
	EndGlobalSection
	GlobalSection(SolutionProperties) = preSolution
		HideSolutionNode = FALSE
	EndGlobalSection
	GlobalSection(ExtensibilityGlobals) = postSolution
		SolutionGuid = {91EA1440-D64B-489A-89E8-408FC7AA5A0A}
	EndGlobalSection
EndGlobal
